
Microsoft Visual Studio Solution File, Format Version 12.00
# Visual Studio Version 17
VisualStudioVersion = 17.5.2.0
MinimumVisualStudioVersion = 10.0.40219.1
Project("{FAE04EC0-301F-11D3-BF4B-00C04F79EFBC}") = "GissaApp-Övning", "GissaApp-Övning.csproj", "{49525026-DF8B-FD5E-59E4-935CECFF3012}"
EndProject
Global
	GlobalSection(SolutionConfigurationPlatforms) = preSolution
		Debug|Any CPU = Debug|Any CPU
		Release|Any CPU = Release|Any CPU
	EndGlobalSection
	GlobalSection(ProjectConfigurationPlatforms) = postSolution
		{49525026-DF8B-FD5E-59E4-935CECFF3012}.Debug|Any CPU.ActiveCfg = Debug|Any CPU
		{49525026-DF8B-FD5E-59E4-935CECFF3012}.Debug|Any CPU.Build.0 = Debug|Any CPU
		{49525026-DF8B-FD5E-59E4-935CECFF3012}.Release|Any CPU.ActiveCfg = Release|Any CPU
		{49525026-DF8B-FD5E-59E4-935CECFF3012}.Release|Any CPU.Build.0 = Release|Any CPU
	EndGlobalSection
	GlobalSection(SolutionProperties) = preSolution
		HideSolutionNode = FALSE
	EndGlobalSection
	GlobalSection(ExtensibilityGlobals) = postSolution
		SolutionGuid = {F72F258B-418A-4990-857C-FD4A333EF1B8}
	EndGlobalSection
EndGlobal
